// !$*UTF8*$!
{
	archiveVersion = 1;
	classes = {
	};
	objectVersion = 46;
	objects = {

/* Begin PBXBuildFile section */
		83C50DE5154D311800DB9D58 /* Level.m in Sources */ = {isa = PBXBuildFile; fileRef = 83C50DE4154D311800DB9D58 /* Level.m */; };
		83C50DE9154D313200DB9D58 /* Element.m in Sources */ = {isa = PBXBuildFile; fileRef = 83C50DE8154D313200DB9D58 /* Element.m */; };
		83C50DEC154D330700DB9D58 /* Graphics.m in Sources */ = {isa = PBXBuildFile; fileRef = 83C50DEB154D330700DB9D58 /* Graphics.m */; };
		83C50DEF154D333A00DB9D58 /* BoxGraphics.m in Sources */ = {isa = PBXBuildFile; fileRef = 83C50DEE154D333A00DB9D58 /* BoxGraphics.m */; };
		83C50DF2154D431F00DB9D58 /* TestLevel1.m in Sources */ = {isa = PBXBuildFile; fileRef = 83C50DF1154D431F00DB9D58 /* TestLevel1.m */; };
		83C50DF6154D448700DB9D58 /* Terrain.m in Sources */ = {isa = PBXBuildFile; fileRef = 83C50DF5154D448700DB9D58 /* Terrain.m */; };
		83C50DF9154D4D6500DB9D58 /* LevelView.m in Sources */ = {isa = PBXBuildFile; fileRef = 83C50DF8154D4D6500DB9D58 /* LevelView.m */; };
		83C50DFC154D5B5400DB9D58 /* Protag.m in Sources */ = {isa = PBXBuildFile; fileRef = 83C50DFB154D5B5400DB9D58 /* Protag.m */; };
		83C50DFF154D5CC200DB9D58 /* Projectile.m in Sources */ = {isa = PBXBuildFile; fileRef = 83C50DFE154D5CC200DB9D58 /* Projectile.m */; };
		83D9EFBB154BB1360075896C /* UIKit.framework in Frameworks */ = {isa = PBXBuildFile; fileRef = 83D9EFBA154BB1360075896C /* UIKit.framework */; };
		83D9EFBD154BB1360075896C /* Foundation.framework in Frameworks */ = {isa = PBXBuildFile; fileRef = 83D9EFBC154BB1360075896C /* Foundation.framework */; };
		83D9EFBF154BB1360075896C /* CoreGraphics.framework in Frameworks */ = {isa = PBXBuildFile; fileRef = 83D9EFBE154BB1360075896C /* CoreGraphics.framework */; };
		83D9EFC5154BB1360075896C /* InfoPlist.strings in Resources */ = {isa = PBXBuildFile; fileRef = 83D9EFC3154BB1360075896C /* InfoPlist.strings */; };
		83D9EFC7154BB1360075896C /* main.m in Sources */ = {isa = PBXBuildFile; fileRef = 83D9EFC6154BB1360075896C /* main.m */; };
		83D9EFCB154BB1360075896C /* AppDelegate.m in Sources */ = {isa = PBXBuildFile; fileRef = 83D9EFCA154BB1360075896C /* AppDelegate.m */; };
		83D9EFCE154BB1360075896C /* ViewController.m in Sources */ = {isa = PBXBuildFile; fileRef = 83D9EFCD154BB1360075896C /* ViewController.m */; };
		83D9EFD1154BB1360075896C /* ViewController.xib in Resources */ = {isa = PBXBuildFile; fileRef = 83D9EFCF154BB1360075896C /* ViewController.xib */; };
/* End PBXBuildFile section */

/* Begin PBXFileReference section */
		83C50DE3154D311800DB9D58 /* Level.h */ = {isa = PBXFileReference; fileEncoding = 4; lastKnownFileType = sourcecode.c.h; path = Level.h; sourceTree = "<group>"; };
		83C50DE4154D311800DB9D58 /* Level.m */ = {isa = PBXFileReference; fileEncoding = 4; lastKnownFileType = sourcecode.c.objc; path = Level.m; sourceTree = "<group>"; };
		83C50DE7154D313200DB9D58 /* Element.h */ = {isa = PBXFileReference; fileEncoding = 4; lastKnownFileType = sourcecode.c.h; path = Element.h; sourceTree = "<group>"; };
		83C50DE8154D313200DB9D58 /* Element.m */ = {isa = PBXFileReference; fileEncoding = 4; lastKnownFileType = sourcecode.c.objc; path = Element.m; sourceTree = "<group>"; };
		83C50DEA154D330700DB9D58 /* Graphics.h */ = {isa = PBXFileReference; fileEncoding = 4; lastKnownFileType = sourcecode.c.h; path = Graphics.h; sourceTree = "<group>"; };
		83C50DEB154D330700DB9D58 /* Graphics.m */ = {isa = PBXFileReference; fileEncoding = 4; lastKnownFileType = sourcecode.c.objc; path = Graphics.m; sourceTree = "<group>"; };
		83C50DED154D333A00DB9D58 /* BoxGraphics.h */ = {isa = PBXFileReference; fileEncoding = 4; lastKnownFileType = sourcecode.c.h; name = BoxGraphics.h; path = ../BoxGraphics.h; sourceTree = "<group>"; };
		83C50DEE154D333A00DB9D58 /* BoxGraphics.m */ = {isa = PBXFileReference; fileEncoding = 4; lastKnownFileType = sourcecode.c.objc; name = BoxGraphics.m; path = ../BoxGraphics.m; sourceTree = "<group>"; };
		83C50DF0154D431F00DB9D58 /* TestLevel1.h */ = {isa = PBXFileReference; fileEncoding = 4; lastKnownFileType = sourcecode.c.h; name = TestLevel1.h; path = ../TestLevel1.h; sourceTree = "<group>"; };
		83C50DF1154D431F00DB9D58 /* TestLevel1.m */ = {isa = PBXFileReference; fileEncoding = 4; lastKnownFileType = sourcecode.c.objc; name = TestLevel1.m; path = ../TestLevel1.m; sourceTree = "<group>"; };
		83C50DF4154D448700DB9D58 /* Terrain.h */ = {isa = PBXFileReference; fileEncoding = 4; lastKnownFileType = sourcecode.c.h; path = Terrain.h; sourceTree = "<group>"; };
		83C50DF5154D448700DB9D58 /* Terrain.m */ = {isa = PBXFileReference; fileEncoding = 4; lastKnownFileType = sourcecode.c.objc; path = Terrain.m; sourceTree = "<group>"; };
		83C50DF7154D4D6500DB9D58 /* LevelView.h */ = {isa = PBXFileReference; fileEncoding = 4; lastKnownFileType = sourcecode.c.h; path = LevelView.h; sourceTree = "<group>"; };
		83C50DF8154D4D6500DB9D58 /* LevelView.m */ = {isa = PBXFileReference; fileEncoding = 4; lastKnownFileType = sourcecode.c.objc; path = LevelView.m; sourceTree = "<group>"; };
		83C50DFA154D5B5400DB9D58 /* Protag.h */ = {isa = PBXFileReference; fileEncoding = 4; lastKnownFileType = sourcecode.c.h; path = Protag.h; sourceTree = "<group>"; };
		83C50DFB154D5B5400DB9D58 /* Protag.m */ = {isa = PBXFileReference; fileEncoding = 4; lastKnownFileType = sourcecode.c.objc; path = Protag.m; sourceTree = "<group>"; };
		83C50DFD154D5CC200DB9D58 /* Projectile.h */ = {isa = PBXFileReference; fileEncoding = 4; lastKnownFileType = sourcecode.c.h; name = Projectile.h; path = ../Projectile.h; sourceTree = "<group>"; };
		83C50DFE154D5CC200DB9D58 /* Projectile.m */ = {isa = PBXFileReference; fileEncoding = 4; lastKnownFileType = sourcecode.c.objc; name = Projectile.m; path = ../Projectile.m; sourceTree = "<group>"; };
		83D9EFB6154BB1360075896C /* PlatformPanda.app */ = {isa = PBXFileReference; explicitFileType = wrapper.application; includeInIndex = 0; path = PlatformPanda.app; sourceTree = BUILT_PRODUCTS_DIR; };
		83D9EFBA154BB1360075896C /* UIKit.framework */ = {isa = PBXFileReference; lastKnownFileType = wrapper.framework; name = UIKit.framework; path = System/Library/Frameworks/UIKit.framework; sourceTree = SDKROOT; };
		83D9EFBC154BB1360075896C /* Foundation.framework */ = {isa = PBXFileReference; lastKnownFileType = wrapper.framework; name = Foundation.framework; path = System/Library/Frameworks/Foundation.framework; sourceTree = SDKROOT; };
		83D9EFBE154BB1360075896C /* CoreGraphics.framework */ = {isa = PBXFileReference; lastKnownFileType = wrapper.framework; name = CoreGraphics.framework; path = System/Library/Frameworks/CoreGraphics.framework; sourceTree = SDKROOT; };
		83D9EFC2154BB1360075896C /* PlatformPanda-Info.plist */ = {isa = PBXFileReference; lastKnownFileType = text.plist.xml; path = "PlatformPanda-Info.plist"; sourceTree = "<group>"; };
		83D9EFC4154BB1360075896C /* en */ = {isa = PBXFileReference; lastKnownFileType = text.plist.strings; name = en; path = en.lproj/InfoPlist.strings; sourceTree = "<group>"; };
		83D9EFC6154BB1360075896C /* main.m */ = {isa = PBXFileReference; lastKnownFileType = sourcecode.c.objc; path = main.m; sourceTree = "<group>"; };
		83D9EFC8154BB1360075896C /* PlatformPanda-Prefix.pch */ = {isa = PBXFileReference; lastKnownFileType = sourcecode.c.h; path = "PlatformPanda-Prefix.pch"; sourceTree = "<group>"; };
		83D9EFC9154BB1360075896C /* AppDelegate.h */ = {isa = PBXFileReference; lastKnownFileType = sourcecode.c.h; path = AppDelegate.h; sourceTree = "<group>"; };
		83D9EFCA154BB1360075896C /* AppDelegate.m */ = {isa = PBXFileReference; lastKnownFileType = sourcecode.c.objc; path = AppDelegate.m; sourceTree = "<group>"; };
		83D9EFCC154BB1360075896C /* ViewController.h */ = {isa = PBXFileReference; lastKnownFileType = sourcecode.c.h; path = ViewController.h; sourceTree = "<group>"; };
		83D9EFCD154BB1360075896C /* ViewController.m */ = {isa = PBXFileReference; lastKnownFileType = sourcecode.c.objc; path = ViewController.m; sourceTree = "<group>"; };
		83D9EFD0154BB1360075896C /* en */ = {isa = PBXFileReference; lastKnownFileType = file.xib; name = en; path = en.lproj/ViewController.xib; sourceTree = "<group>"; };
/* End PBXFileReference section */

/* Begin PBXFrameworksBuildPhase section */
		83D9EFB3154BB1360075896C /* Frameworks */ = {
			isa = PBXFrameworksBuildPhase;
			buildActionMask = 2147483647;
			files = (
				83D9EFBB154BB1360075896C /* UIKit.framework in Frameworks */,
				83D9EFBD154BB1360075896C /* Foundation.framework in Frameworks */,
				83D9EFBF154BB1360075896C /* CoreGraphics.framework in Frameworks */,
			);
			runOnlyForDeploymentPostprocessing = 0;
		};
/* End PBXFrameworksBuildPhase section */

/* Begin PBXGroup section */
		83C50DF3154D432900DB9D58 /* Tests */ = {
			isa = PBXGroup;
			children = (
				83C50DF0154D431F00DB9D58 /* TestLevel1.h */,
				83C50DF1154D431F00DB9D58 /* TestLevel1.m */,
			);
			name = Tests;
			sourceTree = "<group>";
		};
		83C51008154E5F1900533392 /* Resources */ = {
			isa = PBXGroup;
			children = (
			);
			name = Resources;
			sourceTree = "<group>";
		};
		83D9EFAB154BB1350075896C = {
			isa = PBXGroup;
			children = (
				83D9EFC0154BB1360075896C /* PlatformPanda */,
				83D9EFB9154BB1360075896C /* Frameworks */,
				83D9EFB7154BB1360075896C /* Products */,
			);
			sourceTree = "<group>";
		};
		83D9EFB7154BB1360075896C /* Products */ = {
			isa = PBXGroup;
			children = (
				83D9EFB6154BB1360075896C /* PlatformPanda.app */,
			);
			name = Products;
			sourceTree = "<group>";
		};
		83D9EFB9154BB1360075896C /* Frameworks */ = {
			isa = PBXGroup;
			children = (
				83D9EFBA154BB1360075896C /* UIKit.framework */,
				83D9EFBC154BB1360075896C /* Foundation.framework */,
				83D9EFBE154BB1360075896C /* CoreGraphics.framework */,
			);
			name = Frameworks;
			sourceTree = "<group>";
		};
		83D9EFC0154BB1360075896C /* PlatformPanda */ = {
			isa = PBXGroup;
			children = (
				83C51008154E5F1900533392 /* Resources */,
				83C50DF3154D432900DB9D58 /* Tests */,
				83D9EFC9154BB1360075896C /* AppDelegate.h */,
				83D9EFCA154BB1360075896C /* AppDelegate.m */,
				83D9EFCC154BB1360075896C /* ViewController.h */,
				83D9EFCD154BB1360075896C /* ViewController.m */,
				83C50DF7154D4D6500DB9D58 /* LevelView.h */,
				83C50DF8154D4D6500DB9D58 /* LevelView.m */,
				83D9EFCF154BB1360075896C /* ViewController.xib */,
				83D9EFC1154BB1360075896C /* Supporting Files */,
				83C50DE3154D311800DB9D58 /* Level.h */,
				83C50DE4154D311800DB9D58 /* Level.m */,
				83C50DE7154D313200DB9D58 /* Element.h */,
				83C50DE8154D313200DB9D58 /* Element.m */,
				83C50DFD154D5CC200DB9D58 /* Projectile.h */,
				83C50DFE154D5CC200DB9D58 /* Projectile.m */,
				83C50DF4154D448700DB9D58 /* Terrain.h */,
				83C50DF5154D448700DB9D58 /* Terrain.m */,
				83C50DEA154D330700DB9D58 /* Graphics.h */,
				83C50DEB154D330700DB9D58 /* Graphics.m */,
				83C50DED154D333A00DB9D58 /* BoxGraphics.h */,
				83C50DEE154D333A00DB9D58 /* BoxGraphics.m */,
				83C50DFA154D5B5400DB9D58 /* Protag.h */,
				83C50DFB154D5B5400DB9D58 /* Protag.m */,
			);
			path = PlatformPanda;
			sourceTree = "<group>";
		};
		83D9EFC1154BB1360075896C /* Supporting Files */ = {
			isa = PBXGroup;
			children = (
				83D9EFC2154BB1360075896C /* PlatformPanda-Info.plist */,
				83D9EFC3154BB1360075896C /* InfoPlist.strings */,
				83D9EFC6154BB1360075896C /* main.m */,
				83D9EFC8154BB1360075896C /* PlatformPanda-Prefix.pch */,
			);
			name = "Supporting Files";
			sourceTree = "<group>";
		};
/* End PBXGroup section */

/* Begin PBXNativeTarget section */
		83D9EFB5154BB1360075896C /* PlatformPanda */ = {
			isa = PBXNativeTarget;
			buildConfigurationList = 83D9EFD4154BB1360075896C /* Build configuration list for PBXNativeTarget "PlatformPanda" */;
			buildPhases = (
				83D9EFB2154BB1360075896C /* Sources */,
				83D9EFB3154BB1360075896C /* Frameworks */,
				83D9EFB4154BB1360075896C /* Resources */,
			);
			buildRules = (
			);
			dependencies = (
			);
			name = PlatformPanda;
			productName = PlatformPanda;
			productReference = 83D9EFB6154BB1360075896C /* PlatformPanda.app */;
			productType = "com.apple.product-type.application";
		};
/* End PBXNativeTarget section */

/* Begin PBXProject section */
		83D9EFAD154BB1350075896C /* Project object */ = {
			isa = PBXProject;
			attributes = {
				LastUpgradeCheck = 0430;
				ORGANIZATIONNAME = "UC Berkeley";
			};
			buildConfigurationList = 83D9EFB0154BB1350075896C /* Build configuration list for PBXProject "PlatformPanda" */;
			compatibilityVersion = "Xcode 3.2";
			developmentRegion = English;
			hasScannedForEncodings = 0;
			knownRegions = (
				en,
			);
			mainGroup = 83D9EFAB154BB1350075896C;
			productRefGroup = 83D9EFB7154BB1360075896C /* Products */;
			projectDirPath = "";
			projectRoot = "";
			targets = (
				83D9EFB5154BB1360075896C /* PlatformPanda */,
			);
		};
/* End PBXProject section */

/* Begin PBXResourcesBuildPhase section */
		83D9EFB4154BB1360075896C /* Resources */ = {
			isa = PBXResourcesBuildPhase;
			buildActionMask = 2147483647;
			files = (
				83D9EFC5154BB1360075896C /* InfoPlist.strings in Resources */,
				83D9EFD1154BB1360075896C /* ViewController.xib in Resources */,
			);
			runOnlyForDeploymentPostprocessing = 0;
		};
/* End PBXResourcesBuildPhase section */

/* Begin PBXSourcesBuildPhase section */
		83D9EFB2154BB1360075896C /* Sources */ = {
			isa = PBXSourcesBuildPhase;
			buildActionMask = 2147483647;
			files = (
				83D9EFC7154BB1360075896C /* main.m in Sources */,
				83D9EFCB154BB1360075896C /* AppDelegate.m in Sources */,
				83D9EFCE154BB1360075896C /* ViewController.m in Sources */,
				83C50DE5154D311800DB9D58 /* Level.m in Sources */,
				83C50DE9154D313200DB9D58 /* Element.m in Sources */,
				83C50DEC154D330700DB9D58 /* Graphics.m in Sources */,
				83C50DEF154D333A00DB9D58 /* BoxGraphics.m in Sources */,
				83C50DF2154D431F00DB9D58 /* TestLevel1.m in Sources */,
				83C50DF6154D448700DB9D58 /* Terrain.m in Sources */,
				83C50DF9154D4D6500DB9D58 /* LevelView.m in Sources */,
				83C50DFC154D5B5400DB9D58 /* Protag.m in Sources */,
				83C50DFF154D5CC200DB9D58 /* Projectile.m in Sources */,
			);
			runOnlyForDeploymentPostprocessing = 0;
		};
/* End PBXSourcesBuildPhase section */

/* Begin PBXVariantGroup section */
		83D9EFC3154BB1360075896C /* InfoPlist.strings */ = {
			isa = PBXVariantGroup;
			children = (
				83D9EFC4154BB1360075896C /* en */,
			);
			name = InfoPlist.strings;
			sourceTree = "<group>";
		};
		83D9EFCF154BB1360075896C /* ViewController.xib */ = {
			isa = PBXVariantGroup;
			children = (
				83D9EFD0154BB1360075896C /* en */,
			);
			name = ViewController.xib;
			sourceTree = "<group>";
		};
/* End PBXVariantGroup section */

/* Begin XCBuildConfiguration section */
		83D9EFD2154BB1360075896C /* Debug */ = {
			isa = XCBuildConfiguration;
			buildSettings = {
				ALWAYS_SEARCH_USER_PATHS = NO;
				ARCHS = "$(ARCHS_STANDARD_32_BIT)";
				CLANG_ENABLE_OBJC_ARC = YES;
				"CODE_SIGN_IDENTITY[sdk=iphoneos*]" = "iPhone Developer";
				COPY_PHASE_STRIP = NO;
				GCC_C_LANGUAGE_STANDARD = gnu99;
				GCC_DYNAMIC_NO_PIC = NO;
				GCC_OPTIMIZATION_LEVEL = 0;
				GCC_PREPROCESSOR_DEFINITIONS = (
					"DEBUG=1",
					"$(inherited)",
				);
				GCC_SYMBOLS_PRIVATE_EXTERN = NO;
				GCC_VERSION = com.apple.compilers.llvm.clang.1_0;
				GCC_WARN_ABOUT_RETURN_TYPE = YES;
				GCC_WARN_UNINITIALIZED_AUTOS = YES;
				GCC_WARN_UNUSED_VARIABLE = YES;
				IPHONEOS_DEPLOYMENT_TARGET = 5.1;
				SDKROOT = iphoneos;
			};
			name = Debug;
		};
		83D9EFD3154BB1360075896C /* Release */ = {
			isa = XCBuildConfiguration;
			buildSettings = {
				ALWAYS_SEARCH_USER_PATHS = NO;
				ARCHS = "$(ARCHS_STANDARD_32_BIT)";
				CLANG_ENABLE_OBJC_ARC = YES;
				"CODE_SIGN_IDENTITY[sdk=iphoneos*]" = "iPhone Developer";
				COPY_PHASE_STRIP = YES;
				GCC_C_LANGUAGE_STANDARD = gnu99;
				GCC_VERSION = com.apple.compilers.llvm.clang.1_0;
				GCC_WARN_ABOUT_RETURN_TYPE = YES;
				GCC_WARN_UNINITIALIZED_AUTOS = YES;
				GCC_WARN_UNUSED_VARIABLE = YES;
				IPHONEOS_DEPLOYMENT_TARGET = 5.1;
				OTHER_CFLAGS = "-DNS_BLOCK_ASSERTIONS=1";
				SDKROOT = iphoneos;
				VALIDATE_PRODUCT = YES;
			};
			name = Release;
		};
		83D9EFD5154BB1360075896C /* Debug */ = {
			isa = XCBuildConfiguration;
			buildSettings = {
				GCC_PRECOMPILE_PREFIX_HEADER = YES;
				GCC_PREFIX_HEADER = "PlatformPanda/PlatformPanda-Prefix.pch";
				INFOPLIST_FILE = "PlatformPanda/PlatformPanda-Info.plist";
				PRODUCT_NAME = "$(TARGET_NAME)";
				WRAPPER_EXTENSION = app;
			};
			name = Debug;
		};
		83D9EFD6154BB1360075896C /* Release */ = {
			isa = XCBuildConfiguration;
			buildSettings = {
				GCC_PRECOMPILE_PREFIX_HEADER = YES;
				GCC_PREFIX_HEADER = "PlatformPanda/PlatformPanda-Prefix.pch";
				INFOPLIST_FILE = "PlatformPanda/PlatformPanda-Info.plist";
				PRODUCT_NAME = "$(TARGET_NAME)";
				WRAPPER_EXTENSION = app;
			};
			name = Release;
		};
/* End XCBuildConfiguration section */

/* Begin XCConfigurationList section */
		83D9EFB0154BB1350075896C /* Build configuration list for PBXProject "PlatformPanda" */ = {
			isa = XCConfigurationList;
			buildConfigurations = (
				83D9EFD2154BB1360075896C /* Debug */,
				83D9EFD3154BB1360075896C /* Release */,
			);
			defaultConfigurationIsVisible = 0;
			defaultConfigurationName = Release;
		};
		83D9EFD4154BB1360075896C /* Build configuration list for PBXNativeTarget "PlatformPanda" */ = {
			isa = XCConfigurationList;
			buildConfigurations = (
				83D9EFD5154BB1360075896C /* Debug */,
				83D9EFD6154BB1360075896C /* Release */,
			);
			defaultConfigurationIsVisible = 0;
			defaultConfigurationName = Release;
		};
/* End XCConfigurationList section */
	};
	rootObject = 83D9EFAD154BB1350075896C /* Project object */;
}
